
Microsoft Visual Studio Solution File, Format Version 12.00
# Visual Studio Version 17
VisualStudioVersion = 17.8.34330.188
MinimumVisualStudioVersion = 10.0.40219.1
Project("{9A19103F-16F7-4668-BE54-9A1E7A4F7556}") = "Coree.NETStandard", "Projects\Coree.NETStandard\Coree.NETStandard.csproj", "{9EC28AF4-3BC1-4F9D-8ECA-E98EA798B0A7}"
EndProject
Project("{2150E333-8FDC-42A3-9474-1A3956D46DE8}") = "Solution Items", "Solution Items", "{2444F213-9747-401D-B232-1578CA91AE6E}"
	ProjectSection(SolutionItems) = preProject
		.editorconfig = .editorconfig
		githint.txt = githint.txt
	EndProjectSection
EndProject
Project("{FAE04EC0-301F-11D3-BF4B-00C04F79EFBC}") = "Coree.NETStandard.MSTest", "Projects\Coree.NETStandard.MSTest\Coree.NETStandard.MSTest.csproj", "{365B474C-8986-42EB-972D-7EEF334254B2}"
EndProject
Global
	GlobalSection(SolutionConfigurationPlatforms) = preSolution
		Debug|Any CPU = Debug|Any CPU
		Release|Any CPU = Release|Any CPU
	EndGlobalSection
	GlobalSection(ProjectConfigurationPlatforms) = postSolution
		{9EC28AF4-3BC1-4F9D-8ECA-E98EA798B0A7}.Debug|Any CPU.ActiveCfg = Debug|Any CPU
		{9EC28AF4-3BC1-4F9D-8ECA-E98EA798B0A7}.Debug|Any CPU.Build.0 = Debug|Any CPU
		{9EC28AF4-3BC1-4F9D-8ECA-E98EA798B0A7}.Release|Any CPU.ActiveCfg = Release|Any CPU
		{9EC28AF4-3BC1-4F9D-8ECA-E98EA798B0A7}.Release|Any CPU.Build.0 = Release|Any CPU
		{365B474C-8986-42EB-972D-7EEF334254B2}.Debug|Any CPU.ActiveCfg = Debug|Any CPU
		{365B474C-8986-42EB-972D-7EEF334254B2}.Debug|Any CPU.Build.0 = Debug|Any CPU
		{365B474C-8986-42EB-972D-7EEF334254B2}.Release|Any CPU.ActiveCfg = Release|Any CPU
		{365B474C-8986-42EB-972D-7EEF334254B2}.Release|Any CPU.Build.0 = Release|Any CPU
	EndGlobalSection
	GlobalSection(SolutionProperties) = preSolution
		HideSolutionNode = FALSE
	EndGlobalSection
	GlobalSection(ExtensibilityGlobals) = postSolution
		SolutionGuid = {2B346703-C312-4426-A8A9-355807E2F86A}
	EndGlobalSection
EndGlobal
